
Microsoft Visual Studio Solution File, Format Version 12.00
# Visual Studio Version 17
VisualStudioVersion = 17.2.32526.322
MinimumVisualStudioVersion = 10.0.40219.1
Project("{9A19103F-16F7-4668-BE54-9A1E7A4F7556}") = "Makima", "Makima.csproj", "{8F6D15D2-BEE8-478B-9F01-DAABCB6BFE0B}"
EndProject
Project("{2150E333-8FDC-42A3-9474-1A3956D46DE8}") = "Solution Items", "Solution Items", "{BEADD084-7603-40B7-BFC8-9E537DD3FDF8}"
	ProjectSection(SolutionItems) = preProject
		D:\Andrew\Downloads\eyecon.png = D:\Andrew\Downloads\eyecon.png
	EndProjectSection
EndProject
Global
	GlobalSection(SolutionConfigurationPlatforms) = preSolution
		Debug|Any CPU = Debug|Any CPU
		Release|Any CPU = Release|Any CPU
	EndGlobalSection
	GlobalSection(ProjectConfigurationPlatforms) = postSolution
		{8F6D15D2-BEE8-478B-9F01-DAABCB6BFE0B}.Debug|Any CPU.ActiveCfg = Debug|Any CPU
		{8F6D15D2-BEE8-478B-9F01-DAABCB6BFE0B}.Debug|Any CPU.Build.0 = Debug|Any CPU
		{8F6D15D2-BEE8-478B-9F01-DAABCB6BFE0B}.Release|Any CPU.ActiveCfg = Release|Any CPU
		{8F6D15D2-BEE8-478B-9F01-DAABCB6BFE0B}.Release|Any CPU.Build.0 = Release|Any CPU
	EndGlobalSection
	GlobalSection(SolutionProperties) = preSolution
		HideSolutionNode = FALSE
	EndGlobalSection
	GlobalSection(ExtensibilityGlobals) = postSolution
		SolutionGuid = {F8ADF1AB-1490-4CA3-A84A-7F56BD9ED5DB}
	EndGlobalSection
EndGlobal
